
Microsoft Visual Studio Solution File, Format Version 12.00
# Visual Studio Version 17
VisualStudioVersion = 17.3.32901.215
MinimumVisualStudioVersion = 10.0.40219.1
Project("{FAE04EC0-301F-11D3-BF4B-00C04F79EFBC}") = "Practice - Classes", "Practice - Classes.csproj", "{928EFC36-68B8-4FA1-B44A-5A8CFBEF5FDD}"
EndProject
Global
	GlobalSection(SolutionConfigurationPlatforms) = preSolution
		Debug|Any CPU = Debug|Any CPU
		Release|Any CPU = Release|Any CPU
	EndGlobalSection
	GlobalSection(ProjectConfigurationPlatforms) = postSolution
		{928EFC36-68B8-4FA1-B44A-5A8CFBEF5FDD}.Debug|Any CPU.ActiveCfg = Debug|Any CPU
		{928EFC36-68B8-4FA1-B44A-5A8CFBEF5FDD}.Debug|Any CPU.Build.0 = Debug|Any CPU
		{928EFC36-68B8-4FA1-B44A-5A8CFBEF5FDD}.Release|Any CPU.ActiveCfg = Release|Any CPU
		{928EFC36-68B8-4FA1-B44A-5A8CFBEF5FDD}.Release|Any CPU.Build.0 = Release|Any CPU
	EndGlobalSection
	GlobalSection(SolutionProperties) = preSolution
		HideSolutionNode = FALSE
	EndGlobalSection
	GlobalSection(ExtensibilityGlobals) = postSolution
		SolutionGuid = {A042F276-556B-4217-A44B-6897FA1C1351}
	EndGlobalSection
EndGlobal
